
Microsoft Visual Studio Solution File, Format Version 12.00
# Visual Studio 15
VisualStudioVersion = 15.0.27130.2024
MinimumVisualStudioVersion = 10.0.40219.1
Project("{FAE04EC0-301F-11D3-BF4B-00C04F79EFBC}") = "DI_Basics", "DI_Basics\DI_Basics.csproj", "{27EF4DA7-E06A-4A78-9808-137EDB240584}"
EndProject
Project("{2150E333-8FDC-42A3-9474-1A3956D46DE8}") = "Solution Items", "Solution Items", "{73EDFB86-380E-47A3-9991-FA236A4DA5B0}"
	ProjectSection(SolutionItems) = preProject
		..\README.md = ..\README.md
	EndProjectSection
EndProject
Global
	GlobalSection(SolutionConfigurationPlatforms) = preSolution
		Debug|Any CPU = Debug|Any CPU
		Release|Any CPU = Release|Any CPU
	EndGlobalSection
	GlobalSection(ProjectConfigurationPlatforms) = postSolution
		{27EF4DA7-E06A-4A78-9808-137EDB240584}.Debug|Any CPU.ActiveCfg = Debug|Any CPU
		{27EF4DA7-E06A-4A78-9808-137EDB240584}.Debug|Any CPU.Build.0 = Debug|Any CPU
		{27EF4DA7-E06A-4A78-9808-137EDB240584}.Release|Any CPU.ActiveCfg = Release|Any CPU
		{27EF4DA7-E06A-4A78-9808-137EDB240584}.Release|Any CPU.Build.0 = Release|Any CPU
	EndGlobalSection
	GlobalSection(SolutionProperties) = preSolution
		HideSolutionNode = FALSE
	EndGlobalSection
	GlobalSection(ExtensibilityGlobals) = postSolution
		SolutionGuid = {D74D445C-7B97-4576-AC1B-B9E111E0C849}
	EndGlobalSection
EndGlobal
